// !$*UTF8*$!
{
	archiveVersion = 1;
	classes = {
	};
	objectVersion = 51;
	objects = {

/* Begin PBXBuildFile section */
		A00CD28C2523002500CDD5FF /* AppDelegate.swift in Sources */ = {isa = PBXBuildFile; fileRef = A00CD28B2523002500CDD5FF /* AppDelegate.swift */; };
		A00CD28E2523002500CDD5FF /* SceneDelegate.swift in Sources */ = {isa = PBXBuildFile; fileRef = A00CD28D2523002500CDD5FF /* SceneDelegate.swift */; };
		A00CD2902523002500CDD5FF /* ViewController.swift in Sources */ = {isa = PBXBuildFile; fileRef = A00CD28F2523002500CDD5FF /* ViewController.swift */; };
		A00CD2932523002500CDD5FF /* Main.storyboard in Resources */ = {isa = PBXBuildFile; fileRef = A00CD2912523002500CDD5FF /* Main.storyboard */; };
		A00CD2952523002800CDD5FF /* Assets.xcassets in Resources */ = {isa = PBXBuildFile; fileRef = A00CD2942523002800CDD5FF /* Assets.xcassets */; };
		A00CD2982523002800CDD5FF /* LaunchScreen.storyboard in Resources */ = {isa = PBXBuildFile; fileRef = A00CD2962523002800CDD5FF /* LaunchScreen.storyboard */; };
		A00CD2A32523002800CDD5FF /* testTests.swift in Sources */ = {isa = PBXBuildFile; fileRef = A00CD2A22523002800CDD5FF /* testTests.swift */; };
		A00CD2AE2523002800CDD5FF /* testUITests.swift in Sources */ = {isa = PBXBuildFile; fileRef = A00CD2AD2523002800CDD5FF /* testUITests.swift */; };
		A069926225231C1900F4F8E4 /* testViewController.swift in Sources */ = {isa = PBXBuildFile; fileRef = A069926125231C1900F4F8E4 /* testViewController.swift */; };
		A5688BCA8F8F252FC7A932F9 /* Pods_test.framework in Frameworks */ = {isa = PBXBuildFile; fileRef = 2EBF7931219B9C41A21DBCDC /* Pods_test.framework */; };
/* End PBXBuildFile section */

/* Begin PBXContainerItemProxy section */
		A00CD29F2523002800CDD5FF /* PBXContainerItemProxy */ = {
			isa = PBXContainerItemProxy;
			containerPortal = A00CD2802523002500CDD5FF /* Project object */;
			proxyType = 1;
			remoteGlobalIDString = A00CD2872523002500CDD5FF;
			remoteInfo = test;
		};
		A00CD2AA2523002800CDD5FF /* PBXContainerItemProxy */ = {
			isa = PBXContainerItemProxy;
			containerPortal = A00CD2802523002500CDD5FF /* Project object */;
			proxyType = 1;
			remoteGlobalIDString = A00CD2872523002500CDD5FF;
			remoteInfo = test;
		};
/* End PBXContainerItemProxy section */

/* Begin PBXFileReference section */
		2EBF7931219B9C41A21DBCDC /* Pods_test.framework */ = {isa = PBXFileReference; explicitFileType = wrapper.framework; includeInIndex = 0; path = Pods_test.framework; sourceTree = BUILT_PRODUCTS_DIR; };
		96866C70069A12B77DE2846C /* Pods-test.debug.xcconfig */ = {isa = PBXFileReference; includeInIndex = 1; lastKnownFileType = text.xcconfig; name = "Pods-test.debug.xcconfig"; path = "Target Support Files/Pods-test/Pods-test.debug.xcconfig"; sourceTree = "<group>"; };
		A00CD2882523002500CDD5FF /* test.app */ = {isa = PBXFileReference; explicitFileType = wrapper.application; includeInIndex = 0; path = test.app; sourceTree = BUILT_PRODUCTS_DIR; };
		A00CD28B2523002500CDD5FF /* AppDelegate.swift */ = {isa = PBXFileReference; lastKnownFileType = sourcecode.swift; path = AppDelegate.swift; sourceTree = "<group>"; };
		A00CD28D2523002500CDD5FF /* SceneDelegate.swift */ = {isa = PBXFileReference; lastKnownFileType = sourcecode.swift; path = SceneDelegate.swift; sourceTree = "<group>"; };
		A00CD28F2523002500CDD5FF /* ViewController.swift */ = {isa = PBXFileReference; lastKnownFileType = sourcecode.swift; path = ViewController.swift; sourceTree = "<group>"; };
		A00CD2922523002500CDD5FF /* Base */ = {isa = PBXFileReference; lastKnownFileType = file.storyboard; name = Base; path = Base.lproj/Main.storyboard; sourceTree = "<group>"; };
		A00CD2942523002800CDD5FF /* Assets.xcassets */ = {isa = PBXFileReference; lastKnownFileType = folder.assetcatalog; path = Assets.xcassets; sourceTree = "<group>"; };
		A00CD2972523002800CDD5FF /* Base */ = {isa = PBXFileReference; lastKnownFileType = file.storyboard; name = Base; path = Base.lproj/LaunchScreen.storyboard; sourceTree = "<group>"; };
		A00CD2992523002800CDD5FF /* Info.plist */ = {isa = PBXFileReference; lastKnownFileType = text.plist.xml; path = Info.plist; sourceTree = "<group>"; };
		A00CD29E2523002800CDD5FF /* testTests.xctest */ = {isa = PBXFileReference; explicitFileType = wrapper.cfbundle; includeInIndex = 0; path = testTests.xctest; sourceTree = BUILT_PRODUCTS_DIR; };
		A00CD2A22523002800CDD5FF /* testTests.swift */ = {isa = PBXFileReference; lastKnownFileType = sourcecode.swift; path = testTests.swift; sourceTree = "<group>"; };
		A00CD2A42523002800CDD5FF /* Info.plist */ = {isa = PBXFileReference; lastKnownFileType = text.plist.xml; path = Info.plist; sourceTree = "<group>"; };
		A00CD2A92523002800CDD5FF /* testUITests.xctest */ = {isa = PBXFileReference; explicitFileType = wrapper.cfbundle; includeInIndex = 0; path = testUITests.xctest; sourceTree = BUILT_PRODUCTS_DIR; };
		A00CD2AD2523002800CDD5FF /* testUITests.swift */ = {isa = PBXFileReference; lastKnownFileType = sourcecode.swift; path = testUITests.swift; sourceTree = "<group>"; };
		A00CD2AF2523002800CDD5FF /* Info.plist */ = {isa = PBXFileReference; lastKnownFileType = text.plist.xml; path = Info.plist; sourceTree = "<group>"; };
		A069925725231BEC00F4F8E4 /* test-Bridging-Header.h */ = {isa = PBXFileReference; lastKnownFileType = sourcecode.c.h; path = "test-Bridging-Header.h"; sourceTree = "<group>"; };
		A069926125231C1900F4F8E4 /* testViewController.swift */ = {isa = PBXFileReference; lastKnownFileType = sourcecode.swift; path = testViewController.swift; sourceTree = "<group>"; };
		B75241E4BDE3E78CB60BAB91 /* Pods-test.release.xcconfig */ = {isa = PBXFileReference; includeInIndex = 1; lastKnownFileType = text.xcconfig; name = "Pods-test.release.xcconfig"; path = "Target Support Files/Pods-test/Pods-test.release.xcconfig"; sourceTree = "<group>"; };
/* End PBXFileReference section */

/* Begin PBXFrameworksBuildPhase section */
		A00CD2852523002500CDD5FF /* Frameworks */ = {
			isa = PBXFrameworksBuildPhase;
			buildActionMask = 2147483647;
			files = (
				A5688BCA8F8F252FC7A932F9 /* Pods_test.framework in Frameworks */,
			);
			runOnlyForDeploymentPostprocessing = 0;
		};
		A00CD29B2523002800CDD5FF /* Frameworks */ = {
			isa = PBXFrameworksBuildPhase;
			buildActionMask = 2147483647;
			files = (
			);
			runOnlyForDeploymentPostprocessing = 0;
		};
		A00CD2A62523002800CDD5FF /* Frameworks */ = {
			isa = PBXFrameworksBuildPhase;
			buildActionMask = 2147483647;
			files = (
			);
			runOnlyForDeploymentPostprocessing = 0;
		};
/* End PBXFrameworksBuildPhase section */

/* Begin PBXGroup section */
		176A1483C01B4E50A6D8AE54 /* Pods */ = {
			isa = PBXGroup;
			children = (
				96866C70069A12B77DE2846C /* Pods-test.debug.xcconfig */,
				B75241E4BDE3E78CB60BAB91 /* Pods-test.release.xcconfig */,
			);
			path = Pods;
			sourceTree = "<group>";
		};
		2F58E20C053AF35E0B9A8C97 /* Frameworks */ = {
			isa = PBXGroup;
			children = (
				2EBF7931219B9C41A21DBCDC /* Pods_test.framework */,
			);
			name = Frameworks;
			sourceTree = "<group>";
		};
		A00CD27F2523002500CDD5FF = {
			isa = PBXGroup;
			children = (
				A00CD28A2523002500CDD5FF /* test */,
				A00CD2A12523002800CDD5FF /* testTests */,
				A00CD2AC2523002800CDD5FF /* testUITests */,
				A00CD2892523002500CDD5FF /* Products */,
				176A1483C01B4E50A6D8AE54 /* Pods */,
				2F58E20C053AF35E0B9A8C97 /* Frameworks */,
			);
			sourceTree = "<group>";
		};
		A00CD2892523002500CDD5FF /* Products */ = {
			isa = PBXGroup;
			children = (
				A00CD2882523002500CDD5FF /* test.app */,
				A00CD29E2523002800CDD5FF /* testTests.xctest */,
				A00CD2A92523002800CDD5FF /* testUITests.xctest */,
			);
			name = Products;
			sourceTree = "<group>";
		};
		A00CD28A2523002500CDD5FF /* test */ = {
			isa = PBXGroup;
			children = (
				A00CD28B2523002500CDD5FF /* AppDelegate.swift */,
				A00CD28D2523002500CDD5FF /* SceneDelegate.swift */,
				A00CD28F2523002500CDD5FF /* ViewController.swift */,
				A069926125231C1900F4F8E4 /* testViewController.swift */,
				A00CD2912523002500CDD5FF /* Main.storyboard */,
				A00CD2942523002800CDD5FF /* Assets.xcassets */,
				A00CD2962523002800CDD5FF /* LaunchScreen.storyboard */,
				A00CD2992523002800CDD5FF /* Info.plist */,
				A069925725231BEC00F4F8E4 /* test-Bridging-Header.h */,
			);
			path = test;
			sourceTree = "<group>";
		};
		A00CD2A12523002800CDD5FF /* testTests */ = {
			isa = PBXGroup;
			children = (
				A00CD2A22523002800CDD5FF /* testTests.swift */,
				A00CD2A42523002800CDD5FF /* Info.plist */,
			);
			path = testTests;
			sourceTree = "<group>";
		};
		A00CD2AC2523002800CDD5FF /* testUITests */ = {
			isa = PBXGroup;
			children = (
				A00CD2AD2523002800CDD5FF /* testUITests.swift */,
				A00CD2AF2523002800CDD5FF /* Info.plist */,
			);
			path = testUITests;
			sourceTree = "<group>";
		};
/* End PBXGroup section */

/* Begin PBXNativeTarget section */
		A00CD2872523002500CDD5FF /* test */ = {
			isa = PBXNativeTarget;
			buildConfigurationList = A00CD2B22523002800CDD5FF /* Build configuration list for PBXNativeTarget "test" */;
			buildPhases = (
				8E3385045CB6381BEB559D75 /* [CP] Check Pods Manifest.lock */,
				A00CD2842523002500CDD5FF /* Sources */,
				A00CD2852523002500CDD5FF /* Frameworks */,
				A00CD2862523002500CDD5FF /* Resources */,
				ABE943F3210617B8E26ADD0C /* [CP] Embed Pods Frameworks */,
				645AC06EF6AD9A187DFB1F72 /* [CP] Copy Pods Resources */,
			);
			buildRules = (
			);
			dependencies = (
			);
			name = test;
			productName = test;
			productReference = A00CD2882523002500CDD5FF /* test.app */;
			productType = "com.apple.product-type.application";
		};
		A00CD29D2523002800CDD5FF /* testTests */ = {
			isa = PBXNativeTarget;
			buildConfigurationList = A00CD2B52523002800CDD5FF /* Build configuration list for PBXNativeTarget "testTests" */;
			buildPhases = (
				A00CD29A2523002800CDD5FF /* Sources */,
				A00CD29B2523002800CDD5FF /* Frameworks */,
				A00CD29C2523002800CDD5FF /* Resources */,
			);
			buildRules = (
			);
			dependencies = (
				A00CD2A02523002800CDD5FF /* PBXTargetDependency */,
			);
			name = testTests;
			productName = testTests;
			productReference = A00CD29E2523002800CDD5FF /* testTests.xctest */;
			productType = "com.apple.product-type.bundle.unit-test";
		};
		A00CD2A82523002800CDD5FF /* testUITests */ = {
			isa = PBXNativeTarget;
			buildConfigurationList = A00CD2B82523002800CDD5FF /* Build configuration list for PBXNativeTarget "testUITests" */;
			buildPhases = (
				A00CD2A52523002800CDD5FF /* Sources */,
				A00CD2A62523002800CDD5FF /* Frameworks */,
				A00CD2A72523002800CDD5FF /* Resources */,
			);
			buildRules = (
			);
			dependencies = (
				A00CD2AB2523002800CDD5FF /* PBXTargetDependency */,
			);
			name = testUITests;
			productName = testUITests;
			productReference = A00CD2A92523002800CDD5FF /* testUITests.xctest */;
			productType = "com.apple.product-type.bundle.ui-testing";
		};
/* End PBXNativeTarget section */

/* Begin PBXProject section */
		A00CD2802523002500CDD5FF /* Project object */ = {
			isa = PBXProject;
			attributes = {
				LastSwiftUpdateCheck = 1200;
				LastUpgradeCheck = 1200;
				TargetAttributes = {
					A00CD2872523002500CDD5FF = {
						CreatedOnToolsVersion = 12.0.1;
						LastSwiftMigration = 1200;
					};
					A00CD29D2523002800CDD5FF = {
						CreatedOnToolsVersion = 12.0.1;
						TestTargetID = A00CD2872523002500CDD5FF;
					};
					A00CD2A82523002800CDD5FF = {
						CreatedOnToolsVersion = 12.0.1;
						TestTargetID = A00CD2872523002500CDD5FF;
					};
				};
			};
			buildConfigurationList = A00CD2832523002500CDD5FF /* Build configuration list for PBXProject "test" */;
			compatibilityVersion = "Xcode 9.3";
			developmentRegion = en;
			hasScannedForEncodings = 0;
			knownRegions = (
				en,
				Base,
			);
			mainGroup = A00CD27F2523002500CDD5FF;
			productRefGroup = A00CD2892523002500CDD5FF /* Products */;
			projectDirPath = "";
			projectRoot = "";
			targets = (
				A00CD2872523002500CDD5FF /* test */,
				A00CD29D2523002800CDD5FF /* testTests */,
				A00CD2A82523002800CDD5FF /* testUITests */,
			);
		};
/* End PBXProject section */

/* Begin PBXResourcesBuildPhase section */
		A00CD2862523002500CDD5FF /* Resources */ = {
			isa = PBXResourcesBuildPhase;
			buildActionMask = 2147483647;
			files = (
				A00CD2982523002800CDD5FF /* LaunchScreen.storyboard in Resources */,
				A00CD2952523002800CDD5FF /* Assets.xcassets in Resources */,
				A00CD2932523002500CDD5FF /* Main.storyboard in Resources */,
			);
			runOnlyForDeploymentPostprocessing = 0;
		};
		A00CD29C2523002800CDD5FF /* Resources */ = {
			isa = PBXResourcesBuildPhase;
			buildActionMask = 2147483647;
			files = (
			);
			runOnlyForDeploymentPostprocessing = 0;
		};
		A00CD2A72523002800CDD5FF /* Resources */ = {
			isa = PBXResourcesBuildPhase;
			buildActionMask = 2147483647;
			files = (
			);
			runOnlyForDeploymentPostprocessing = 0;
		};
/* End PBXResourcesBuildPhase section */

/* Begin PBXShellScriptBuildPhase section */
		645AC06EF6AD9A187DFB1F72 /* [CP] Copy Pods Resources */ = {
			isa = PBXShellScriptBuildPhase;
			buildActionMask = 2147483647;
			files = (
			);
			inputFileListPaths = (
				"${PODS_ROOT}/Target Support Files/Pods-test/Pods-test-resources-${CONFIGURATION}-input-files.xcfilelist",
			);
			name = "[CP] Copy Pods Resources";
			outputFileListPaths = (
				"${PODS_ROOT}/Target Support Files/Pods-test/Pods-test-resources-${CONFIGURATION}-output-files.xcfilelist",
			);
			runOnlyForDeploymentPostprocessing = 0;
			shellPath = /bin/sh;
			shellScript = "\"${PODS_ROOT}/Target Support Files/Pods-test/Pods-test-resources.sh\"\n";
			showEnvVarsInLog = 0;
		};
		8E3385045CB6381BEB559D75 /* [CP] Check Pods Manifest.lock */ = {
			isa = PBXShellScriptBuildPhase;
			buildActionMask = 2147483647;
			files = (
			);
			inputFileListPaths = (
			);
			inputPaths = (
				"${PODS_PODFILE_DIR_PATH}/Podfile.lock",
				"${PODS_ROOT}/Manifest.lock",
			);
			name = "[CP] Check Pods Manifest.lock";
			outputFileListPaths = (
			);
			outputPaths = (
				"$(DERIVED_FILE_DIR)/Pods-test-checkManifestLockResult.txt",
			);
			runOnlyForDeploymentPostprocessing = 0;
			shellPath = /bin/sh;
			shellScript = "diff \"${PODS_PODFILE_DIR_PATH}/Podfile.lock\" \"${PODS_ROOT}/Manifest.lock\" > /dev/null\nif [ $? != 0 ] ; then\n    # print error to STDERR\n    echo \"error: The sandbox is not in sync with the Podfile.lock. Run 'pod install' or update your CocoaPods installation.\" >&2\n    exit 1\nfi\n# This output is used by Xcode 'outputs' to avoid re-running this script phase.\necho \"SUCCESS\" > \"${SCRIPT_OUTPUT_FILE_0}\"\n";
			showEnvVarsInLog = 0;
		};
		ABE943F3210617B8E26ADD0C /* [CP] Embed Pods Frameworks */ = {
			isa = PBXShellScriptBuildPhase;
			buildActionMask = 2147483647;
			files = (
			);
			inputFileListPaths = (
				"${PODS_ROOT}/Target Support Files/Pods-test/Pods-test-frameworks-${CONFIGURATION}-input-files.xcfilelist",
			);
			name = "[CP] Embed Pods Frameworks";
			outputFileListPaths = (
				"${PODS_ROOT}/Target Support Files/Pods-test/Pods-test-frameworks-${CONFIGURATION}-output-files.xcfilelist",
			);
			runOnlyForDeploymentPostprocessing = 0;
			shellPath = /bin/sh;
			shellScript = "\"${PODS_ROOT}/Target Support Files/Pods-test/Pods-test-frameworks.sh\"\n";
			showEnvVarsInLog = 0;
		};
/* End PBXShellScriptBuildPhase section */

/* Begin PBXSourcesBuildPhase section */
		A00CD2842523002500CDD5FF /* Sources */ = {
			isa = PBXSourcesBuildPhase;
			buildActionMask = 2147483647;
			files = (
				A00CD2902523002500CDD5FF /* ViewController.swift in Sources */,
				A00CD28C2523002500CDD5FF /* AppDelegate.swift in Sources */,
				A069926225231C1900F4F8E4 /* testViewController.swift in Sources */,
				A00CD28E2523002500CDD5FF /* SceneDelegate.swift in Sources */,
			);
			runOnlyForDeploymentPostprocessing = 0;
		};
		A00CD29A2523002800CDD5FF /* Sources */ = {
			isa = PBXSourcesBuildPhase;
			buildActionMask = 2147483647;
			files = (
				A00CD2A32523002800CDD5FF /* testTests.swift in Sources */,
			);
			runOnlyForDeploymentPostprocessing = 0;
		};
		A00CD2A52523002800CDD5FF /* Sources */ = {
			isa = PBXSourcesBuildPhase;
			buildActionMask = 2147483647;
			files = (
				A00CD2AE2523002800CDD5FF /* testUITests.swift in Sources */,
			);
			runOnlyForDeploymentPostprocessing = 0;
		};
/* End PBXSourcesBuildPhase section */

/* Begin PBXTargetDependency section */
		A00CD2A02523002800CDD5FF /* PBXTargetDependency */ = {
			isa = PBXTargetDependency;
			target = A00CD2872523002500CDD5FF /* test */;
			targetProxy = A00CD29F2523002800CDD5FF /* PBXContainerItemProxy */;
		};
		A00CD2AB2523002800CDD5FF /* PBXTargetDependency */ = {
			isa = PBXTargetDependency;
			target = A00CD2872523002500CDD5FF /* test */;
			targetProxy = A00CD2AA2523002800CDD5FF /* PBXContainerItemProxy */;
		};
/* End PBXTargetDependency section */

/* Begin PBXVariantGroup section */
		A00CD2912523002500CDD5FF /* Main.storyboard */ = {
			isa = PBXVariantGroup;
			children = (
				A00CD2922523002500CDD5FF /* Base */,
			);
			name = Main.storyboard;
			sourceTree = "<group>";
		};
		A00CD2962523002800CDD5FF /* LaunchScreen.storyboard */ = {
			isa = PBXVariantGroup;
			children = (
				A00CD2972523002800CDD5FF /* Base */,
			);
			name = LaunchScreen.storyboard;
			sourceTree = "<group>";
		};
/* End PBXVariantGroup section */

/* Begin XCBuildConfiguration section */
		A00CD2B02523002800CDD5FF /* Debug */ = {
			isa = XCBuildConfiguration;
			buildSettings = {
				ALWAYS_SEARCH_USER_PATHS = NO;
				CLANG_ANALYZER_NONNULL = YES;
				CLANG_ANALYZER_NUMBER_OBJECT_CONVERSION = YES_AGGRESSIVE;
				CLANG_CXX_LANGUAGE_STANDARD = "gnu++14";
				CLANG_CXX_LIBRARY = "libc++";
				CLANG_ENABLE_MODULES = YES;
				CLANG_ENABLE_OBJC_ARC = YES;
				CLANG_ENABLE_OBJC_WEAK = YES;
				CLANG_WARN_BLOCK_CAPTURE_AUTORELEASING = YES;
				CLANG_WARN_BOOL_CONVERSION = YES;
				CLANG_WARN_COMMA = YES;
				CLANG_WARN_CONSTANT_CONVERSION = YES;
				CLANG_WARN_DEPRECATED_OBJC_IMPLEMENTATIONS = YES;
				CLANG_WARN_DIRECT_OBJC_ISA_USAGE = YES_ERROR;
				CLANG_WARN_DOCUMENTATION_COMMENTS = YES;
				CLANG_WARN_EMPTY_BODY = YES;
				CLANG_WARN_ENUM_CONVERSION = YES;
				CLANG_WARN_INFINITE_RECURSION = YES;
				CLANG_WARN_INT_CONVERSION = YES;
				CLANG_WARN_NON_LITERAL_NULL_CONVERSION = YES;
				CLANG_WARN_OBJC_IMPLICIT_RETAIN_SELF = YES;
				CLANG_WARN_OBJC_LITERAL_CONVERSION = YES;
				CLANG_WARN_OBJC_ROOT_CLASS = YES_ERROR;
				CLANG_WARN_QUOTED_INCLUDE_IN_FRAMEWORK_HEADER = YES;
				CLANG_WARN_RANGE_LOOP_ANALYSIS = YES;
				CLANG_WARN_STRICT_PROTOTYPES = YES;
				CLANG_WARN_SUSPICIOUS_MOVE = YES;
				CLANG_WARN_UNGUARDED_AVAILABILITY = YES_AGGRESSIVE;
				CLANG_WARN_UNREACHABLE_CODE = YES;
				CLANG_WARN__DUPLICATE_METHOD_MATCH = YES;
				COPY_PHASE_STRIP = NO;
				DEBUG_INFORMATION_FORMAT = dwarf;
				ENABLE_STRICT_OBJC_MSGSEND = YES;
				ENABLE_TESTABILITY = YES;
				GCC_C_LANGUAGE_STANDARD = gnu11;
				GCC_DYNAMIC_NO_PIC = NO;
				GCC_NO_COMMON_BLOCKS = YES;
				GCC_OPTIMIZATION_LEVEL = 0;
				GCC_PREPROCESSOR_DEFINITIONS = (
					"DEBUG=1",
					"$(inherited)",
				);
				GCC_WARN_64_TO_32_BIT_CONVERSION = YES;
				GCC_WARN_ABOUT_RETURN_TYPE = YES_ERROR;
				GCC_WARN_UNDECLARED_SELECTOR = YES;
				GCC_WARN_UNINITIALIZED_AUTOS = YES_AGGRESSIVE;
				GCC_WARN_UNUSED_FUNCTION = YES;
				GCC_WARN_UNUSED_VARIABLE = YES;
				IPHONEOS_DEPLOYMENT_TARGET = 14.0;
				MTL_ENABLE_DEBUG_INFO = INCLUDE_SOURCE;
				MTL_FAST_MATH = YES;
				ONLY_ACTIVE_ARCH = YES;
				SDKROOT = iphoneos;
				SWIFT_ACTIVE_COMPILATION_CONDITIONS = DEBUG;
				SWIFT_OPTIMIZATION_LEVEL = "-Onone";
			};
			name = Debug;
		};
		A00CD2B12523002800CDD5FF /* Release */ = {
			isa = XCBuildConfiguration;
			buildSettings = {
				ALWAYS_SEARCH_USER_PATHS = NO;
				CLANG_ANALYZER_NONNULL = YES;
				CLANG_ANALYZER_NUMBER_OBJECT_CONVERSION = YES_AGGRESSIVE;
				CLANG_CXX_LANGUAGE_STANDARD = "gnu++14";
				CLANG_CXX_LIBRARY = "libc++";
				CLANG_ENABLE_MODULES = YES;
				CLANG_ENABLE_OBJC_ARC = YES;
				CLANG_ENABLE_OBJC_WEAK = YES;
				CLANG_WARN_BLOCK_CAPTURE_AUTORELEASING = YES;
				CLANG_WARN_BOOL_CONVERSION = YES;
				CLANG_WARN_COMMA = YES;
				CLANG_WARN_CONSTANT_CONVERSION = YES;
				CLANG_WARN_DEPRECATED_OBJC_IMPLEMENTATIONS = YES;
				CLANG_WARN_DIRECT_OBJC_ISA_USAGE = YES_ERROR;
				CLANG_WARN_DOCUMENTATION_COMMENTS = YES;
				CLANG_WARN_EMPTY_BODY = YES;
				CLANG_WARN_ENUM_CONVERSION = YES;
				CLANG_WARN_INFINITE_RECURSION = YES;
				CLANG_WARN_INT_CONVERSION = YES;
				CLANG_WARN_NON_LITERAL_NULL_CONVERSION = YES;
				CLANG_WARN_OBJC_IMPLICIT_RETAIN_SELF = YES;
				CLANG_WARN_OBJC_LITERAL_CONVERSION = YES;
				CLANG_WARN_OBJC_ROOT_CLASS = YES_ERROR;
				CLANG_WARN_QUOTED_INCLUDE_IN_FRAMEWORK_HEADER = YES;
				CLANG_WARN_RANGE_LOOP_ANALYSIS = YES;
				CLANG_WARN_STRICT_PROTOTYPES = YES;
				CLANG_WARN_SUSPICIOUS_MOVE = YES;
				CLANG_WARN_UNGUARDED_AVAILABILITY = YES_AGGRESSIVE;
				CLANG_WARN_UNREACHABLE_CODE = YES;
				CLANG_WARN__DUPLICATE_METHOD_MATCH = YES;
				COPY_PHASE_STRIP = NO;
				DEBUG_INFORMATION_FORMAT = "dwarf-with-dsym";
				ENABLE_NS_ASSERTIONS = NO;
				ENABLE_STRICT_OBJC_MSGSEND = YES;
				GCC_C_LANGUAGE_STANDARD = gnu11;
				GCC_NO_COMMON_BLOCKS = YES;
				GCC_WARN_64_TO_32_BIT_CONVERSION = YES;
				GCC_WARN_ABOUT_RETURN_TYPE = YES_ERROR;
				GCC_WARN_UNDECLARED_SELECTOR = YES;
				GCC_WARN_UNINITIALIZED_AUTOS = YES_AGGRESSIVE;
				GCC_WARN_UNUSED_FUNCTION = YES;
				GCC_WARN_UNUSED_VARIABLE = YES;
				IPHONEOS_DEPLOYMENT_TARGET = 14.0;
				MTL_ENABLE_DEBUG_INFO = NO;
				MTL_FAST_MATH = YES;
				SDKROOT = iphoneos;
				SWIFT_COMPILATION_MODE = wholemodule;
				SWIFT_OPTIMIZATION_LEVEL = "-O";
				VALIDATE_PRODUCT = YES;
			};
			name = Release;
		};
		A00CD2B32523002800CDD5FF /* Debug */ = {
			isa = XCBuildConfiguration;
			baseConfigurationReference = 96866C70069A12B77DE2846C /* Pods-test.debug.xcconfig */;
			buildSettings = {
				ASSETCATALOG_COMPILER_APPICON_NAME = AppIcon;
				ASSETCATALOG_COMPILER_GLOBAL_ACCENT_COLOR_NAME = AccentColor;
				CLANG_ENABLE_MODULES = YES;
				CODE_SIGN_STYLE = Automatic;
				DEVELOPMENT_TEAM = S2M9W9G946;
				INFOPLIST_FILE = test/Info.plist;
				LD_RUNPATH_SEARCH_PATHS = (
					"$(inherited)",
					"@executable_path/Frameworks",
				);
				PRODUCT_BUNDLE_IDENTIFIER = com.rubang.xxb.test;
				PRODUCT_NAME = "$(TARGET_NAME)";
				SWIFT_OBJC_BRIDGING_HEADER = "test/test-Bridging-Header.h";
				SWIFT_OPTIMIZATION_LEVEL = "-Onone";
				SWIFT_VERSION = 5.0;
				TARGETED_DEVICE_FAMILY = "1,2";
			};
			name = Debug;
		};
		A00CD2B42523002800CDD5FF /* Release */ = {
			isa = XCBuildConfiguration;
			baseConfigurationReference = B75241E4BDE3E78CB60BAB91 /* Pods-test.release.xcconfig */;
			buildSettings = {
				ASSETCATALOG_COMPILER_APPICON_NAME = AppIcon;
				ASSETCATALOG_COMPILER_GLOBAL_ACCENT_COLOR_NAME = AccentColor;
				CLANG_ENABLE_MODULES = YES;
				CODE_SIGN_STYLE = Automatic;
				DEVELOPMENT_TEAM = S2M9W9G946;
				INFOPLIST_FILE = test/Info.plist;
				LD_RUNPATH_SEARCH_PATHS = (
					"$(inherited)",
					"@executable_path/Frameworks",
				);
				PRODUCT_BUNDLE_IDENTIFIER = com.rubang.xxb.test;
				PRODUCT_NAME = "$(TARGET_NAME)";
				SWIFT_OBJC_BRIDGING_HEADER = "test/test-Bridging-Header.h";
				SWIFT_VERSION = 5.0;
				TARGETED_DEVICE_FAMILY = "1,2";
			};
			name = Release;
		};
		A00CD2B62523002800CDD5FF /* Debug */ = {
			isa = XCBuildConfiguration;
			buildSettings = {
				ALWAYS_EMBED_SWIFT_STANDARD_LIBRARIES = YES;
				BUNDLE_LOADER = "$(TEST_HOST)";
				CODE_SIGN_STYLE = Automatic;
				DEVELOPMENT_TEAM = S2M9W9G946;
				INFOPLIST_FILE = testTests/Info.plist;
				IPHONEOS_DEPLOYMENT_TARGET = 14.0;
				LD_RUNPATH_SEARCH_PATHS = (
					"$(inherited)",
					"@executable_path/Frameworks",
					"@loader_path/Frameworks",
				);
				PRODUCT_BUNDLE_IDENTIFIER = com.rubang.xxb.testTests;
				PRODUCT_NAME = "$(TARGET_NAME)";
				SWIFT_VERSION = 5.0;
				TARGETED_DEVICE_FAMILY = "1,2";
				TEST_HOST = "$(BUILT_PRODUCTS_DIR)/test.app/test";
			};
			name = Debug;
		};
		A00CD2B72523002800CDD5FF /* Release */ = {
			isa = XCBuildConfiguration;
			buildSettings = {
				ALWAYS_EMBED_SWIFT_STANDARD_LIBRARIES = YES;
				BUNDLE_LOADER = "$(TEST_HOST)";
				CODE_SIGN_STYLE = Automatic;
				DEVELOPMENT_TEAM = S2M9W9G946;
				INFOPLIST_FILE = testTests/Info.plist;
				IPHONEOS_DEPLOYMENT_TARGET = 14.0;
				LD_RUNPATH_SEARCH_PATHS = (
					"$(inherited)",
					"@executable_path/Frameworks",
					"@loader_path/Frameworks",
				);
				PRODUCT_BUNDLE_IDENTIFIER = com.rubang.xxb.testTests;
				PRODUCT_NAME = "$(TARGET_NAME)";
				SWIFT_VERSION = 5.0;
				TARGETED_DEVICE_FAMILY = "1,2";
				TEST_HOST = "$(BUILT_PRODUCTS_DIR)/test.app/test";
			};
			name = Release;
		};
		A00CD2B92523002800CDD5FF /* Debug */ = {
			isa = XCBuildConfiguration;
			buildSettings = {
				ALWAYS_EMBED_SWIFT_STANDARD_LIBRARIES = YES;
				CODE_SIGN_STYLE = Automatic;
				DEVELOPMENT_TEAM = S2M9W9G946;
				INFOPLIST_FILE = testUITests/Info.plist;
				LD_RUNPATH_SEARCH_PATHS = (
					"$(inherited)",
					"@executable_path/Frameworks",
					"@loader_path/Frameworks",
				);
				PRODUCT_BUNDLE_IDENTIFIER = com.rubang.xxb.testUITests;
				PRODUCT_NAME = "$(TARGET_NAME)";
				SWIFT_VERSION = 5.0;
				TARGETED_DEVICE_FAMILY = "1,2";
				TEST_TARGET_NAME = test;
			};
			name = Debug;
		};
		A00CD2BA2523002800CDD5FF /* Release */ = {
			isa = XCBuildConfiguration;
			buildSettings = {
				ALWAYS_EMBED_SWIFT_STANDARD_LIBRARIES = YES;
				CODE_SIGN_STYLE = Automatic;
				DEVELOPMENT_TEAM = S2M9W9G946;
				INFOPLIST_FILE = testUITests/Info.plist;
				LD_RUNPATH_SEARCH_PATHS = (
					"$(inherited)",
					"@executable_path/Frameworks",
					"@loader_path/Frameworks",
				);
				PRODUCT_BUNDLE_IDENTIFIER = com.rubang.xxb.testUITests;
				PRODUCT_NAME = "$(TARGET_NAME)";
				SWIFT_VERSION = 5.0;
				TARGETED_DEVICE_FAMILY = "1,2";
				TEST_TARGET_NAME = test;
			};
			name = Release;
		};
/* End XCBuildConfiguration section */

/* Begin XCConfigurationList section */
		A00CD2832523002500CDD5FF /* Build configuration list for PBXProject "test" */ = {
			isa = XCConfigurationList;
			buildConfigurations = (
				A00CD2B02523002800CDD5FF /* Debug */,
				A00CD2B12523002800CDD5FF /* Release */,
			);
			defaultConfigurationIsVisible = 0;
			defaultConfigurationName = Release;
		};
		A00CD2B22523002800CDD5FF /* Build configuration list for PBXNativeTarget "test" */ = {
			isa = XCConfigurationList;
			buildConfigurations = (
				A00CD2B32523002800CDD5FF /* Debug */,
				A00CD2B42523002800CDD5FF /* Release */,
			);
			defaultConfigurationIsVisible = 0;
			defaultConfigurationName = Release;
		};
		A00CD2B52523002800CDD5FF /* Build configuration list for PBXNativeTarget "testTests" */ = {
			isa = XCConfigurationList;
			buildConfigurations = (
				A00CD2B62523002800CDD5FF /* Debug */,
				A00CD2B72523002800CDD5FF /* Release */,
			);
			defaultConfigurationIsVisible = 0;
			defaultConfigurationName = Release;
		};
		A00CD2B82523002800CDD5FF /* Build configuration list for PBXNativeTarget "testUITests" */ = {
			isa = XCConfigurationList;
			buildConfigurations = (
				A00CD2B92523002800CDD5FF /* Debug */,
				A00CD2BA2523002800CDD5FF /* Release */,
			);
			defaultConfigurationIsVisible = 0;
			defaultConfigurationName = Release;
		};
/* End XCConfigurationList section */
	};
	rootObject = A00CD2802523002500CDD5FF /* Project object */;
}
